
Microsoft Visual Studio Solution File, Format Version 12.00
# Visual Studio Version 16
VisualStudioVersion = 16.0.29728.190
MinimumVisualStudioVersion = 10.0.40219.1
Project("{2150E333-8FDC-42A3-9474-1A3956D46DE8}") = "APLICATION", "APLICATION", "{B4F414A9-AEDD-469F-8187-032A40BD5E03}"
EndProject
Project("{2150E333-8FDC-42A3-9474-1A3956D46DE8}") = "DOMAIN", "DOMAIN", "{6DC01ECB-CAC8-4CA8-8D03-9A02D63DC01D}"
EndProject
Project("{2150E333-8FDC-42A3-9474-1A3956D46DE8}") = "INFRA", "INFRA", "{A5A2C134-AD23-4DC5-968B-198B90DF9537}"
EndProject
Project("{2150E333-8FDC-42A3-9474-1A3956D46DE8}") = "Data", "Data", "{2FF3AB64-BB8C-422D-BD44-4CDB0F6D7EA1}"
EndProject
Project("{2150E333-8FDC-42A3-9474-1A3956D46DE8}") = "CrossCutting", "CrossCutting", "{3279F9CA-939F-46A2-88AC-2C46F5D32C63}"
EndProject
Project("{2150E333-8FDC-42A3-9474-1A3956D46DE8}") = "Log", "Log", "{0BDC87FB-A9DA-41F3-873B-BE8DFF133A3C}"
EndProject
Project("{9A19103F-16F7-4668-BE54-9A1E7A4F7556}") = "Dll.Domain", "Dll.Domain\Dll.Domain.csproj", "{9253467F-1551-4679-816C-22031DA4CFA2}"
EndProject
Project("{9A19103F-16F7-4668-BE54-9A1E7A4F7556}") = "Dll.Infra.Data", "Dll.Infra.Data\Dll.Infra.Data.csproj", "{8CF86F12-D5D7-4F8F-926C-6BDB7D0B22BB}"
EndProject
Project("{9A19103F-16F7-4668-BE54-9A1E7A4F7556}") = "Dll.Infra.CrossCutting.Ioc", "Dll.Infra.CrossCutting.Ioc\Dll.Infra.CrossCutting.Ioc.csproj", "{BA8C6B78-7DDF-4A4E-A51C-E8F21E101F9C}"
EndProject
Project("{2150E333-8FDC-42A3-9474-1A3956D46DE8}") = "SERVICES", "SERVICES", "{55EE4015-CC53-43AE-A952-7856298C9AA4}"
EndProject
Project("{9A19103F-16F7-4668-BE54-9A1E7A4F7556}") = "Dll.Service", "Dll_Service\Dll.Service.csproj", "{A74CC597-939E-4BD7-AACC-134023D4D178}"
EndProject
Project("{9A19103F-16F7-4668-BE54-9A1E7A4F7556}") = "Dll.Application", "Dll.Application\Dll.Application.csproj", "{E6C4847D-CE38-4C2A-AE63-EFD2AF3B3F45}"
EndProject
Project("{9A19103F-16F7-4668-BE54-9A1E7A4F7556}") = "Dll.Domain.Testes", "Dll.Domain.Testes\Dll.Domain.Testes.csproj", "{09B21288-5996-450A-A6AC-4DAD32600EB4}"
EndProject
Global
	GlobalSection(SolutionConfigurationPlatforms) = preSolution
		Debug|Any CPU = Debug|Any CPU
		Release|Any CPU = Release|Any CPU
	EndGlobalSection
	GlobalSection(ProjectConfigurationPlatforms) = postSolution
		{9253467F-1551-4679-816C-22031DA4CFA2}.Debug|Any CPU.ActiveCfg = Debug|Any CPU
		{9253467F-1551-4679-816C-22031DA4CFA2}.Debug|Any CPU.Build.0 = Debug|Any CPU
		{9253467F-1551-4679-816C-22031DA4CFA2}.Release|Any CPU.ActiveCfg = Release|Any CPU
		{9253467F-1551-4679-816C-22031DA4CFA2}.Release|Any CPU.Build.0 = Release|Any CPU
		{8CF86F12-D5D7-4F8F-926C-6BDB7D0B22BB}.Debug|Any CPU.ActiveCfg = Debug|Any CPU
		{8CF86F12-D5D7-4F8F-926C-6BDB7D0B22BB}.Debug|Any CPU.Build.0 = Debug|Any CPU
		{8CF86F12-D5D7-4F8F-926C-6BDB7D0B22BB}.Release|Any CPU.ActiveCfg = Release|Any CPU
		{8CF86F12-D5D7-4F8F-926C-6BDB7D0B22BB}.Release|Any CPU.Build.0 = Release|Any CPU
		{BA8C6B78-7DDF-4A4E-A51C-E8F21E101F9C}.Debug|Any CPU.ActiveCfg = Debug|Any CPU
		{BA8C6B78-7DDF-4A4E-A51C-E8F21E101F9C}.Debug|Any CPU.Build.0 = Debug|Any CPU
		{BA8C6B78-7DDF-4A4E-A51C-E8F21E101F9C}.Release|Any CPU.ActiveCfg = Release|Any CPU
		{BA8C6B78-7DDF-4A4E-A51C-E8F21E101F9C}.Release|Any CPU.Build.0 = Release|Any CPU
		{A74CC597-939E-4BD7-AACC-134023D4D178}.Debug|Any CPU.ActiveCfg = Debug|Any CPU
		{A74CC597-939E-4BD7-AACC-134023D4D178}.Debug|Any CPU.Build.0 = Debug|Any CPU
		{A74CC597-939E-4BD7-AACC-134023D4D178}.Release|Any CPU.ActiveCfg = Release|Any CPU
		{A74CC597-939E-4BD7-AACC-134023D4D178}.Release|Any CPU.Build.0 = Release|Any CPU
		{E6C4847D-CE38-4C2A-AE63-EFD2AF3B3F45}.Debug|Any CPU.ActiveCfg = Debug|Any CPU
		{E6C4847D-CE38-4C2A-AE63-EFD2AF3B3F45}.Debug|Any CPU.Build.0 = Debug|Any CPU
		{E6C4847D-CE38-4C2A-AE63-EFD2AF3B3F45}.Release|Any CPU.ActiveCfg = Release|Any CPU
		{E6C4847D-CE38-4C2A-AE63-EFD2AF3B3F45}.Release|Any CPU.Build.0 = Release|Any CPU
		{09B21288-5996-450A-A6AC-4DAD32600EB4}.Debug|Any CPU.ActiveCfg = Debug|Any CPU
		{09B21288-5996-450A-A6AC-4DAD32600EB4}.Debug|Any CPU.Build.0 = Debug|Any CPU
		{09B21288-5996-450A-A6AC-4DAD32600EB4}.Release|Any CPU.ActiveCfg = Release|Any CPU
		{09B21288-5996-450A-A6AC-4DAD32600EB4}.Release|Any CPU.Build.0 = Release|Any CPU
	EndGlobalSection
	GlobalSection(SolutionProperties) = preSolution
		HideSolutionNode = FALSE
	EndGlobalSection
	GlobalSection(NestedProjects) = preSolution
		{2FF3AB64-BB8C-422D-BD44-4CDB0F6D7EA1} = {A5A2C134-AD23-4DC5-968B-198B90DF9537}
		{3279F9CA-939F-46A2-88AC-2C46F5D32C63} = {A5A2C134-AD23-4DC5-968B-198B90DF9537}
		{0BDC87FB-A9DA-41F3-873B-BE8DFF133A3C} = {A5A2C134-AD23-4DC5-968B-198B90DF9537}
		{9253467F-1551-4679-816C-22031DA4CFA2} = {6DC01ECB-CAC8-4CA8-8D03-9A02D63DC01D}
		{8CF86F12-D5D7-4F8F-926C-6BDB7D0B22BB} = {2FF3AB64-BB8C-422D-BD44-4CDB0F6D7EA1}
		{BA8C6B78-7DDF-4A4E-A51C-E8F21E101F9C} = {3279F9CA-939F-46A2-88AC-2C46F5D32C63}
		{A74CC597-939E-4BD7-AACC-134023D4D178} = {55EE4015-CC53-43AE-A952-7856298C9AA4}
		{E6C4847D-CE38-4C2A-AE63-EFD2AF3B3F45} = {B4F414A9-AEDD-469F-8187-032A40BD5E03}
		{09B21288-5996-450A-A6AC-4DAD32600EB4} = {6DC01ECB-CAC8-4CA8-8D03-9A02D63DC01D}
	EndGlobalSection
	GlobalSection(ExtensibilityGlobals) = postSolution
		SolutionGuid = {DDEC445D-36ED-432B-ADF3-6777AF385565}
	EndGlobalSection
EndGlobal
